
Microsoft Visual Studio Solution File, Format Version 12.00
# Visual Studio Version 16
VisualStudioVersion = 16.0.32630.194
MinimumVisualStudioVersion = 10.0.40219.1
Project("{FAE04EC0-301F-11D3-BF4B-00C04F79EFBC}") = "TcpGameServer", "TcpGameServer.csproj", "{AF21FEA7-56C5-4C33-AE0C-2CA02F8DFC74}"
EndProject
Project("{FAE04EC0-301F-11D3-BF4B-00C04F79EFBC}") = "TheTCPGaneClient", "..\TheTCPGaneClient\TheTCPGaneClient.csproj", "{86706187-5F5E-4292-B5F5-FFE547E8D873}"
EndProject
Global
	GlobalSection(SolutionConfigurationPlatforms) = preSolution
		Debug|Any CPU = Debug|Any CPU
		Release|Any CPU = Release|Any CPU
	EndGlobalSection
	GlobalSection(ProjectConfigurationPlatforms) = postSolution
		{AF21FEA7-56C5-4C33-AE0C-2CA02F8DFC74}.Debug|Any CPU.ActiveCfg = Debug|Any CPU
		{AF21FEA7-56C5-4C33-AE0C-2CA02F8DFC74}.Debug|Any CPU.Build.0 = Debug|Any CPU
		{AF21FEA7-56C5-4C33-AE0C-2CA02F8DFC74}.Release|Any CPU.ActiveCfg = Release|Any CPU
		{AF21FEA7-56C5-4C33-AE0C-2CA02F8DFC74}.Release|Any CPU.Build.0 = Release|Any CPU
		{86706187-5F5E-4292-B5F5-FFE547E8D873}.Debug|Any CPU.ActiveCfg = Debug|Any CPU
		{86706187-5F5E-4292-B5F5-FFE547E8D873}.Debug|Any CPU.Build.0 = Debug|Any CPU
		{86706187-5F5E-4292-B5F5-FFE547E8D873}.Release|Any CPU.ActiveCfg = Release|Any CPU
		{86706187-5F5E-4292-B5F5-FFE547E8D873}.Release|Any CPU.Build.0 = Release|Any CPU
	EndGlobalSection
	GlobalSection(SolutionProperties) = preSolution
		HideSolutionNode = FALSE
	EndGlobalSection
	GlobalSection(ExtensibilityGlobals) = postSolution
		SolutionGuid = {DB064B03-405F-4875-9ADE-698A05202CC8}
	EndGlobalSection
EndGlobal
